# THIS IS AN AUTOGENERATED FILE. DO NOT EDIT THIS FILE DIRECTLY.
# yarn lockfile v1


just-compose@^1.0.6:
  version "1.0.6"
  resolved "https://registry.yarnpkg.com/just-compose/-/just-compose-1.0.6.tgz#3b08de4b6e6302beb8b77dbd4ef2d89dfe56d1a6"

just-curry-it@^3.0.0:
  version "3.0.0"
  resolved "https://registry.yarnpkg.com/just-curry-it/-/just-curry-it-3.0.0.tgz#736b3bad7378f035b0694945c38302678b93db83"

just-last@^2.0.0:
  version "2.0.0"
  resolved "https://registry.yarnpkg.com/just-last/-/just-last-2.0.0.tgz#1b16f6d671c75e7cfc5ed013ebab1cfde3069f7f"

just-partition@^1.0.0:
  version "1.0.0"
  resolved "https://registry.yarnpkg.com/just-partition/-/just-partition-1.0.0.tgz#6f90f96943d77c81177de3a193ccf0c854792b8b"
