# THIS IS AN AUTOGENERATED FILE. DO NOT EDIT THIS FILE DIRECTLY.
# yarn lockfile v1


just-entries@^1.0.0:
  version "1.0.0"
  resolved "https://registry.yarnpkg.com/just-entries/-/just-entries-1.0.0.tgz#7b821c1018489ff5029185583e69addbffa50b22"

just-extend@^1.1.27:
  version "1.1.27"
  resolved "https://registry.yarnpkg.com/just-extend/-/just-extend-1.1.27.tgz#ec6e79410ff914e472652abfa0e603c03d60e905"

just-map-object@^1.1.24:
  version "1.1.24"
  resolved "https://registry.yarnpkg.com/just-map-object/-/just-map-object-1.1.24.tgz#8f7c4c46d97031c63e486400ddbe9cb852d5f471"

just-omit@^1.0.1:
  version "1.0.1"
  resolved "https://registry.yarnpkg.com/just-omit/-/just-omit-1.0.1.tgz#0109882a2a11323d59034be805ee978b5b8999a4"
